
Microsoft Visual Studio Solution File, Format Version 12.00
# Visual Studio 15
VisualStudioVersion = 15.0.27130.2010
MinimumVisualStudioVersion = 10.0.40219.1
Project("{FAE04EC0-301F-11D3-BF4B-00C04F79EFBC}") = "DannMichelson.CleanCodeApi", "DannMichelson.CleanCodeApi\DannMichelson.CleanCodeApi.csproj", "{4B9B0290-14EA-4894-84A1-B16A6EB816CF}"
EndProject
Project("{FAE04EC0-301F-11D3-BF4B-00C04F79EFBC}") = "DannMichelson.BusinessLogic", "DannMichelson.BusinessLogic\DannMichelson.BusinessLogic.csproj", "{1ABDF672-B1AC-40A9-84F5-2A8FB4F3D769}"
EndProject
Project("{FAE04EC0-301F-11D3-BF4B-00C04F79EFBC}") = "DannMichelson.Contract", "DannMichelson.Contract\DannMichelson.Contract.csproj", "{3C2E97D7-A2AD-431A-A777-308B905D2FEB}"
EndProject
Project("{FAE04EC0-301F-11D3-BF4B-00C04F79EFBC}") = "DannMichelson.Domain", "DannMichelson.Domain\DannMichelson.Domain.csproj", "{6A2D69BF-070F-437E-BCED-653063CFBF23}"
EndProject
Project("{FAE04EC0-301F-11D3-BF4B-00C04F79EFBC}") = "DannMichelson.Repository", "DannMichelson.Repository\DannMichelson.Repository.csproj", "{05EBFBB4-C58D-4CCD-9545-D9C1DE50987D}"
EndProject
Global
	GlobalSection(SolutionConfigurationPlatforms) = preSolution
		Debug|Any CPU = Debug|Any CPU
		Release|Any CPU = Release|Any CPU
	EndGlobalSection
	GlobalSection(ProjectConfigurationPlatforms) = postSolution
		{4B9B0290-14EA-4894-84A1-B16A6EB816CF}.Debug|Any CPU.ActiveCfg = Debug|Any CPU
		{4B9B0290-14EA-4894-84A1-B16A6EB816CF}.Debug|Any CPU.Build.0 = Debug|Any CPU
		{4B9B0290-14EA-4894-84A1-B16A6EB816CF}.Release|Any CPU.ActiveCfg = Release|Any CPU
		{4B9B0290-14EA-4894-84A1-B16A6EB816CF}.Release|Any CPU.Build.0 = Release|Any CPU
		{1ABDF672-B1AC-40A9-84F5-2A8FB4F3D769}.Debug|Any CPU.ActiveCfg = Debug|Any CPU
		{1ABDF672-B1AC-40A9-84F5-2A8FB4F3D769}.Debug|Any CPU.Build.0 = Debug|Any CPU
		{1ABDF672-B1AC-40A9-84F5-2A8FB4F3D769}.Release|Any CPU.ActiveCfg = Release|Any CPU
		{1ABDF672-B1AC-40A9-84F5-2A8FB4F3D769}.Release|Any CPU.Build.0 = Release|Any CPU
		{3C2E97D7-A2AD-431A-A777-308B905D2FEB}.Debug|Any CPU.ActiveCfg = Debug|Any CPU
		{3C2E97D7-A2AD-431A-A777-308B905D2FEB}.Debug|Any CPU.Build.0 = Debug|Any CPU
		{3C2E97D7-A2AD-431A-A777-308B905D2FEB}.Release|Any CPU.ActiveCfg = Release|Any CPU
		{3C2E97D7-A2AD-431A-A777-308B905D2FEB}.Release|Any CPU.Build.0 = Release|Any CPU
		{6A2D69BF-070F-437E-BCED-653063CFBF23}.Debug|Any CPU.ActiveCfg = Debug|Any CPU
		{6A2D69BF-070F-437E-BCED-653063CFBF23}.Debug|Any CPU.Build.0 = Debug|Any CPU
		{6A2D69BF-070F-437E-BCED-653063CFBF23}.Release|Any CPU.ActiveCfg = Release|Any CPU
		{6A2D69BF-070F-437E-BCED-653063CFBF23}.Release|Any CPU.Build.0 = Release|Any CPU
		{05EBFBB4-C58D-4CCD-9545-D9C1DE50987D}.Debug|Any CPU.ActiveCfg = Debug|Any CPU
		{05EBFBB4-C58D-4CCD-9545-D9C1DE50987D}.Debug|Any CPU.Build.0 = Debug|Any CPU
		{05EBFBB4-C58D-4CCD-9545-D9C1DE50987D}.Release|Any CPU.ActiveCfg = Release|Any CPU
		{05EBFBB4-C58D-4CCD-9545-D9C1DE50987D}.Release|Any CPU.Build.0 = Release|Any CPU
	EndGlobalSection
	GlobalSection(SolutionProperties) = preSolution
		HideSolutionNode = FALSE
	EndGlobalSection
	GlobalSection(ExtensibilityGlobals) = postSolution
		SolutionGuid = {8CB7CFB2-676E-4C1E-A3F8-C9C9267EB9E4}
	EndGlobalSection
EndGlobal
